# THIS IS AN AUTOGENERATED FILE. DO NOT EDIT THIS FILE DIRECTLY.
# yarn lockfile v1


"@allemandi/embed-utils@^2.7.1":
  version "2.7.1"
  resolved "https://registry.yarnpkg.com/@allemandi/embed-utils/-/embed-utils-2.7.1.tgz#04df38acd3bba0ff6c0cf6b875f6a3b244a2b54a"
  integrity sha512-91IW/mZ5374F2AopL0f7HIEJ4badoHZi5PNukq6lLgeeYMi+PWxW5/OPepvNZIhKNmiW1lBVB0qDE1AdGyEG0g==

commander@^14.0.1:
  version "14.0.1"
  resolved "https://registry.yarnpkg.com/commander/-/commander-14.0.1.tgz#2f9225c19e6ebd0dc4404dd45821b2caa17ea09b"
  integrity sha512-2JkV3gUZUVrbNA+1sjBOYLsMZ5cEEl8GTFP2a4AVz5hvasAMCQ1D2l2le/cX+pV4N6ZU17zjUahLpIXRrnWL8A==
